// !$*UTF8*$!
{
	archiveVersion = 1;
	classes = {
	};
	objectVersion = 56;
	objects = {

/* Begin PBXBuildFile section */
		17072B4E2B0A0B9B00D4D027 /* RealityKitContent in Frameworks */ = {isa = PBXBuildFile; productRef = 17072B4D2B0A0B9B00D4D027 /* RealityKitContent */; };
		17072B502B0A0B9B00D4D027 /* SpaceX_AhaApp.swift in Sources */ = {isa = PBXBuildFile; fileRef = 17072B4F2B0A0B9B00D4D027 /* SpaceX_AhaApp.swift */; };
		17072B562B0A0B9B00D4D027 /* ImageBasedLighting.skybox in Resources */ = {isa = PBXBuildFile; fileRef = 17072B552B0A0B9B00D4D027 /* ImageBasedLighting.skybox */; };
		17072B582B0A0B9C00D4D027 /* Assets.xcassets in Resources */ = {isa = PBXBuildFile; fileRef = 17072B572B0A0B9C00D4D027 /* Assets.xcassets */; };
		17072B5B2B0A0B9C00D4D027 /* Preview Assets.xcassets in Resources */ = {isa = PBXBuildFile; fileRef = 17072B5A2B0A0B9C00D4D027 /* Preview Assets.xcassets */; };
		17072B632B0B236100D4D027 /* Areas.swift in Sources */ = {isa = PBXBuildFile; fileRef = 17072B622B0B236100D4D027 /* Areas.swift */; };
		17072B682B0B289800D4D027 /* Area.swift in Sources */ = {isa = PBXBuildFile; fileRef = 17072B672B0B289800D4D027 /* Area.swift */; };
		17072B6A2B0B483100D4D027 /* Crew.swift in Sources */ = {isa = PBXBuildFile; fileRef = 17072B692B0B483100D4D027 /* Crew.swift */; };
		17072B6C2B0B4B3400D4D027 /* ViewModel.swift in Sources */ = {isa = PBXBuildFile; fileRef = 17072B6B2B0B4B3400D4D027 /* ViewModel.swift */; };
		17072B6E2B0B4CFA00D4D027 /* NavigationToArea.swift in Sources */ = {isa = PBXBuildFile; fileRef = 17072B6D2B0B4CFA00D4D027 /* NavigationToArea.swift */; };
/* End PBXBuildFile section */

/* Begin PBXFileReference section */
		17072B482B0A0B9B00D4D027 /* SpaceX-Aha.app */ = {isa = PBXFileReference; explicitFileType = wrapper.application; includeInIndex = 0; path = "SpaceX-Aha.app"; sourceTree = BUILT_PRODUCTS_DIR; };
		17072B4C2B0A0B9B00D4D027 /* RealityKitContent */ = {isa = PBXFileReference; lastKnownFileType = wrapper; path = RealityKitContent; sourceTree = "<group>"; };
		17072B4F2B0A0B9B00D4D027 /* SpaceX_AhaApp.swift */ = {isa = PBXFileReference; lastKnownFileType = sourcecode.swift; path = SpaceX_AhaApp.swift; sourceTree = "<group>"; };
		17072B552B0A0B9B00D4D027 /* ImageBasedLighting.skybox */ = {isa = PBXFileReference; lastKnownFileType = file.skybox; path = ImageBasedLighting.skybox; sourceTree = "<group>"; };
		17072B572B0A0B9C00D4D027 /* Assets.xcassets */ = {isa = PBXFileReference; lastKnownFileType = folder.assetcatalog; path = Assets.xcassets; sourceTree = "<group>"; };
		17072B5A2B0A0B9C00D4D027 /* Preview Assets.xcassets */ = {isa = PBXFileReference; lastKnownFileType = folder.assetcatalog; path = "Preview Assets.xcassets"; sourceTree = "<group>"; };
		17072B5C2B0A0B9C00D4D027 /* Info.plist */ = {isa = PBXFileReference; lastKnownFileType = text.plist.xml; path = Info.plist; sourceTree = "<group>"; };
		17072B622B0B236100D4D027 /* Areas.swift */ = {isa = PBXFileReference; lastKnownFileType = sourcecode.swift; path = Areas.swift; sourceTree = "<group>"; };
		17072B652B0B27F700D4D027 /* README.md */ = {isa = PBXFileReference; lastKnownFileType = net.daringfireball.markdown; path = README.md; sourceTree = "<group>"; };
		17072B672B0B289800D4D027 /* Area.swift */ = {isa = PBXFileReference; lastKnownFileType = sourcecode.swift; path = Area.swift; sourceTree = "<group>"; };
		17072B692B0B483100D4D027 /* Crew.swift */ = {isa = PBXFileReference; lastKnownFileType = sourcecode.swift; path = Crew.swift; sourceTree = "<group>"; };
		17072B6B2B0B4B3400D4D027 /* ViewModel.swift */ = {isa = PBXFileReference; lastKnownFileType = sourcecode.swift; path = ViewModel.swift; sourceTree = "<group>"; };
		17072B6D2B0B4CFA00D4D027 /* NavigationToArea.swift */ = {isa = PBXFileReference; lastKnownFileType = sourcecode.swift; path = NavigationToArea.swift; sourceTree = "<group>"; };
/* End PBXFileReference section */

/* Begin PBXFrameworksBuildPhase section */
		17072B452B0A0B9B00D4D027 /* Frameworks */ = {
			isa = PBXFrameworksBuildPhase;
			buildActionMask = 2147483647;
			files = (
				17072B4E2B0A0B9B00D4D027 /* RealityKitContent in Frameworks */,
			);
			runOnlyForDeploymentPostprocessing = 0;
		};
/* End PBXFrameworksBuildPhase section */

/* Begin PBXGroup section */
		17072B3F2B0A0B9B00D4D027 = {
			isa = PBXGroup;
			children = (
				17072B4A2B0A0B9B00D4D027 /* SpaceX-Aha */,
				17072B4B2B0A0B9B00D4D027 /* Packages */,
				17072B492B0A0B9B00D4D027 /* Products */,
			);
			sourceTree = "<group>";
		};
		17072B492B0A0B9B00D4D027 /* Products */ = {
			isa = PBXGroup;
			children = (
				17072B482B0A0B9B00D4D027 /* SpaceX-Aha.app */,
			);
			name = Products;
			sourceTree = "<group>";
		};
		17072B4A2B0A0B9B00D4D027 /* SpaceX-Aha */ = {
			isa = PBXGroup;
			children = (
				17072B662B0B284400D4D027 /* Models */,
				17072B642B0B241600D4D027 /* Areas */,
				17072B4F2B0A0B9B00D4D027 /* SpaceX_AhaApp.swift */,
				17072B552B0A0B9B00D4D027 /* ImageBasedLighting.skybox */,
				17072B572B0A0B9C00D4D027 /* Assets.xcassets */,
				17072B5C2B0A0B9C00D4D027 /* Info.plist */,
				17072B592B0A0B9C00D4D027 /* Preview Content */,
				17072B652B0B27F700D4D027 /* README.md */,
			);
			path = "SpaceX-Aha";
			sourceTree = "<group>";
		};
		17072B4B2B0A0B9B00D4D027 /* Packages */ = {
			isa = PBXGroup;
			children = (
				17072B4C2B0A0B9B00D4D027 /* RealityKitContent */,
			);
			path = Packages;
			sourceTree = "<group>";
		};
		17072B592B0A0B9C00D4D027 /* Preview Content */ = {
			isa = PBXGroup;
			children = (
				17072B5A2B0A0B9C00D4D027 /* Preview Assets.xcassets */,
			);
			path = "Preview Content";
			sourceTree = "<group>";
		};
		17072B642B0B241600D4D027 /* Areas */ = {
			isa = PBXGroup;
			children = (
				17072B622B0B236100D4D027 /* Areas.swift */,
				17072B6D2B0B4CFA00D4D027 /* NavigationToArea.swift */,
			);
			path = Areas;
			sourceTree = "<group>";
		};
		17072B662B0B284400D4D027 /* Models */ = {
			isa = PBXGroup;
			children = (
				17072B672B0B289800D4D027 /* Area.swift */,
				17072B692B0B483100D4D027 /* Crew.swift */,
				17072B6B2B0B4B3400D4D027 /* ViewModel.swift */,
			);
			path = Models;
			sourceTree = "<group>";
		};
/* End PBXGroup section */

/* Begin PBXNativeTarget section */
		17072B472B0A0B9B00D4D027 /* SpaceX-Aha */ = {
			isa = PBXNativeTarget;
			buildConfigurationList = 17072B5F2B0A0B9C00D4D027 /* Build configuration list for PBXNativeTarget "SpaceX-Aha" */;
			buildPhases = (
				17072B442B0A0B9B00D4D027 /* Sources */,
				17072B452B0A0B9B00D4D027 /* Frameworks */,
				17072B462B0A0B9B00D4D027 /* Resources */,
			);
			buildRules = (
			);
			dependencies = (
			);
			name = "SpaceX-Aha";
			packageProductDependencies = (
				17072B4D2B0A0B9B00D4D027 /* RealityKitContent */,
			);
			productName = "SpaceX-Aha";
			productReference = 17072B482B0A0B9B00D4D027 /* SpaceX-Aha.app */;
			productType = "com.apple.product-type.application";
		};
/* End PBXNativeTarget section */

/* Begin PBXProject section */
		17072B402B0A0B9B00D4D027 /* Project object */ = {
			isa = PBXProject;
			attributes = {
				BuildIndependentTargetsInParallel = 1;
				LastSwiftUpdateCheck = 1510;
				LastUpgradeCheck = 1510;
				TargetAttributes = {
					17072B472B0A0B9B00D4D027 = {
						CreatedOnToolsVersion = 15.1;
					};
				};
			};
			buildConfigurationList = 17072B432B0A0B9B00D4D027 /* Build configuration list for PBXProject "SpaceX-Aha" */;
			compatibilityVersion = "Xcode 14.0";
			developmentRegion = en;
			hasScannedForEncodings = 0;
			knownRegions = (
				en,
				Base,
			);
			mainGroup = 17072B3F2B0A0B9B00D4D027;
			productRefGroup = 17072B492B0A0B9B00D4D027 /* Products */;
			projectDirPath = "";
			projectRoot = "";
			targets = (
				17072B472B0A0B9B00D4D027 /* SpaceX-Aha */,
			);
		};
/* End PBXProject section */

/* Begin PBXResourcesBuildPhase section */
		17072B462B0A0B9B00D4D027 /* Resources */ = {
			isa = PBXResourcesBuildPhase;
			buildActionMask = 2147483647;
			files = (
				17072B582B0A0B9C00D4D027 /* Assets.xcassets in Resources */,
				17072B5B2B0A0B9C00D4D027 /* Preview Assets.xcassets in Resources */,
				17072B562B0A0B9B00D4D027 /* ImageBasedLighting.skybox in Resources */,
			);
			runOnlyForDeploymentPostprocessing = 0;
		};
/* End PBXResourcesBuildPhase section */

/* Begin PBXSourcesBuildPhase section */
		17072B442B0A0B9B00D4D027 /* Sources */ = {
			isa = PBXSourcesBuildPhase;
			buildActionMask = 2147483647;
			files = (
				17072B6C2B0B4B3400D4D027 /* ViewModel.swift in Sources */,
				17072B6E2B0B4CFA00D4D027 /* NavigationToArea.swift in Sources */,
				17072B632B0B236100D4D027 /* Areas.swift in Sources */,
				17072B682B0B289800D4D027 /* Area.swift in Sources */,
				17072B6A2B0B483100D4D027 /* Crew.swift in Sources */,
				17072B502B0A0B9B00D4D027 /* SpaceX_AhaApp.swift in Sources */,
			);
			runOnlyForDeploymentPostprocessing = 0;
		};
/* End PBXSourcesBuildPhase section */

/* Begin XCBuildConfiguration section */
		17072B5D2B0A0B9C00D4D027 /* Debug */ = {
			isa = XCBuildConfiguration;
			buildSettings = {
				ALWAYS_SEARCH_USER_PATHS = NO;
				ASSETCATALOG_COMPILER_GENERATE_SWIFT_ASSET_SYMBOL_EXTENSIONS = YES;
				CLANG_ANALYZER_NONNULL = YES;
				CLANG_ANALYZER_NUMBER_OBJECT_CONVERSION = YES_AGGRESSIVE;
				CLANG_CXX_LANGUAGE_STANDARD = "gnu++20";
				CLANG_ENABLE_MODULES = YES;
				CLANG_ENABLE_OBJC_ARC = YES;
				CLANG_ENABLE_OBJC_WEAK = YES;
				CLANG_WARN_BLOCK_CAPTURE_AUTORELEASING = YES;
				CLANG_WARN_BOOL_CONVERSION = YES;
				CLANG_WARN_COMMA = YES;
				CLANG_WARN_CONSTANT_CONVERSION = YES;
				CLANG_WARN_DEPRECATED_OBJC_IMPLEMENTATIONS = YES;
				CLANG_WARN_DIRECT_OBJC_ISA_USAGE = YES_ERROR;
				CLANG_WARN_DOCUMENTATION_COMMENTS = YES;
				CLANG_WARN_EMPTY_BODY = YES;
				CLANG_WARN_ENUM_CONVERSION = YES;
				CLANG_WARN_INFINITE_RECURSION = YES;
				CLANG_WARN_INT_CONVERSION = YES;
				CLANG_WARN_NON_LITERAL_NULL_CONVERSION = YES;
				CLANG_WARN_OBJC_IMPLICIT_RETAIN_SELF = YES;
				CLANG_WARN_OBJC_LITERAL_CONVERSION = YES;
				CLANG_WARN_OBJC_ROOT_CLASS = YES_ERROR;
				CLANG_WARN_QUOTED_INCLUDE_IN_FRAMEWORK_HEADER = YES;
				CLANG_WARN_RANGE_LOOP_ANALYSIS = YES;
				CLANG_WARN_STRICT_PROTOTYPES = YES;
				CLANG_WARN_SUSPICIOUS_MOVE = YES;
				CLANG_WARN_UNGUARDED_AVAILABILITY = YES_AGGRESSIVE;
				CLANG_WARN_UNREACHABLE_CODE = YES;
				CLANG_WARN__DUPLICATE_METHOD_MATCH = YES;
				COPY_PHASE_STRIP = NO;
				DEBUG_INFORMATION_FORMAT = dwarf;
				ENABLE_STRICT_OBJC_MSGSEND = YES;
				ENABLE_TESTABILITY = YES;
				ENABLE_USER_SCRIPT_SANDBOXING = YES;
				GCC_C_LANGUAGE_STANDARD = gnu17;
				GCC_DYNAMIC_NO_PIC = NO;
				GCC_NO_COMMON_BLOCKS = YES;
				GCC_OPTIMIZATION_LEVEL = 0;
				GCC_PREPROCESSOR_DEFINITIONS = (
					"DEBUG=1",
					"$(inherited)",
				);
				GCC_WARN_64_TO_32_BIT_CONVERSION = YES;
				GCC_WARN_ABOUT_RETURN_TYPE = YES_ERROR;
				GCC_WARN_UNDECLARED_SELECTOR = YES;
				GCC_WARN_UNINITIALIZED_AUTOS = YES_AGGRESSIVE;
				GCC_WARN_UNUSED_FUNCTION = YES;
				GCC_WARN_UNUSED_VARIABLE = YES;
				LOCALIZATION_PREFERS_STRING_CATALOGS = YES;
				MTL_ENABLE_DEBUG_INFO = INCLUDE_SOURCE;
				MTL_FAST_MATH = YES;
				ONLY_ACTIVE_ARCH = YES;
				SDKROOT = xros;
				SWIFT_ACTIVE_COMPILATION_CONDITIONS = "DEBUG $(inherited)";
				SWIFT_OPTIMIZATION_LEVEL = "-Onone";
				XROS_DEPLOYMENT_TARGET = 1.0;
			};
			name = Debug;
		};
		17072B5E2B0A0B9C00D4D027 /* Release */ = {
			isa = XCBuildConfiguration;
			buildSettings = {
				ALWAYS_SEARCH_USER_PATHS = NO;
				ASSETCATALOG_COMPILER_GENERATE_SWIFT_ASSET_SYMBOL_EXTENSIONS = YES;
				CLANG_ANALYZER_NONNULL = YES;
				CLANG_ANALYZER_NUMBER_OBJECT_CONVERSION = YES_AGGRESSIVE;
				CLANG_CXX_LANGUAGE_STANDARD = "gnu++20";
				CLANG_ENABLE_MODULES = YES;
				CLANG_ENABLE_OBJC_ARC = YES;
				CLANG_ENABLE_OBJC_WEAK = YES;
				CLANG_WARN_BLOCK_CAPTURE_AUTORELEASING = YES;
				CLANG_WARN_BOOL_CONVERSION = YES;
				CLANG_WARN_COMMA = YES;
				CLANG_WARN_CONSTANT_CONVERSION = YES;
				CLANG_WARN_DEPRECATED_OBJC_IMPLEMENTATIONS = YES;
				CLANG_WARN_DIRECT_OBJC_ISA_USAGE = YES_ERROR;
				CLANG_WARN_DOCUMENTATION_COMMENTS = YES;
				CLANG_WARN_EMPTY_BODY = YES;
				CLANG_WARN_ENUM_CONVERSION = YES;
				CLANG_WARN_INFINITE_RECURSION = YES;
				CLANG_WARN_INT_CONVERSION = YES;
				CLANG_WARN_NON_LITERAL_NULL_CONVERSION = YES;
				CLANG_WARN_OBJC_IMPLICIT_RETAIN_SELF = YES;
				CLANG_WARN_OBJC_LITERAL_CONVERSION = YES;
				CLANG_WARN_OBJC_ROOT_CLASS = YES_ERROR;
				CLANG_WARN_QUOTED_INCLUDE_IN_FRAMEWORK_HEADER = YES;
				CLANG_WARN_RANGE_LOOP_ANALYSIS = YES;
				CLANG_WARN_STRICT_PROTOTYPES = YES;
				CLANG_WARN_SUSPICIOUS_MOVE = YES;
				CLANG_WARN_UNGUARDED_AVAILABILITY = YES_AGGRESSIVE;
				CLANG_WARN_UNREACHABLE_CODE = YES;
				CLANG_WARN__DUPLICATE_METHOD_MATCH = YES;
				COPY_PHASE_STRIP = NO;
				DEBUG_INFORMATION_FORMAT = "dwarf-with-dsym";
				ENABLE_NS_ASSERTIONS = NO;
				ENABLE_STRICT_OBJC_MSGSEND = YES;
				ENABLE_USER_SCRIPT_SANDBOXING = YES;
				GCC_C_LANGUAGE_STANDARD = gnu17;
				GCC_NO_COMMON_BLOCKS = YES;
				GCC_WARN_64_TO_32_BIT_CONVERSION = YES;
				GCC_WARN_ABOUT_RETURN_TYPE = YES_ERROR;
				GCC_WARN_UNDECLARED_SELECTOR = YES;
				GCC_WARN_UNINITIALIZED_AUTOS = YES_AGGRESSIVE;
				GCC_WARN_UNUSED_FUNCTION = YES;
				GCC_WARN_UNUSED_VARIABLE = YES;
				LOCALIZATION_PREFERS_STRING_CATALOGS = YES;
				MTL_ENABLE_DEBUG_INFO = NO;
				MTL_FAST_MATH = YES;
				SDKROOT = xros;
				SWIFT_COMPILATION_MODE = wholemodule;
				VALIDATE_PRODUCT = YES;
				XROS_DEPLOYMENT_TARGET = 1.0;
			};
			name = Release;
		};
		17072B602B0A0B9C00D4D027 /* Debug */ = {
			isa = XCBuildConfiguration;
			buildSettings = {
				ASSETCATALOG_COMPILER_APPICON_NAME = AppIcon;
				ASSETCATALOG_COMPILER_GLOBAL_ACCENT_COLOR_NAME = AccentColor;
				CODE_SIGN_STYLE = Automatic;
				CURRENT_PROJECT_VERSION = 1;
				DEVELOPMENT_ASSET_PATHS = "\"SpaceX-Aha/Preview Content\"";
				DEVELOPMENT_TEAM = SKQKSKY53S;
				ENABLE_PREVIEWS = YES;
				GENERATE_INFOPLIST_FILE = YES;
				INFOPLIST_FILE = "$(TARGET_NAME)/Info.plist";
				LD_RUNPATH_SEARCH_PATHS = (
					"$(inherited)",
					"@executable_path/Frameworks",
				);
				MARKETING_VERSION = 1.0;
				PRODUCT_BUNDLE_IDENTIFIER = "gsq.SpaceX-Aha";
				PRODUCT_NAME = "$(TARGET_NAME)";
				SUPPORTED_PLATFORMS = "xros xrsimulator";
				SWIFT_EMIT_LOC_STRINGS = YES;
				SWIFT_VERSION = 5.0;
				TARGETED_DEVICE_FAMILY = "1,2,7";
			};
			name = Debug;
		};
		17072B612B0A0B9C00D4D027 /* Release */ = {
			isa = XCBuildConfiguration;
			buildSettings = {
				ASSETCATALOG_COMPILER_APPICON_NAME = AppIcon;
				ASSETCATALOG_COMPILER_GLOBAL_ACCENT_COLOR_NAME = AccentColor;
				CODE_SIGN_STYLE = Automatic;
				CURRENT_PROJECT_VERSION = 1;
				DEVELOPMENT_ASSET_PATHS = "\"SpaceX-Aha/Preview Content\"";
				DEVELOPMENT_TEAM = SKQKSKY53S;
				ENABLE_PREVIEWS = YES;
				GENERATE_INFOPLIST_FILE = YES;
				INFOPLIST_FILE = "$(TARGET_NAME)/Info.plist";
				LD_RUNPATH_SEARCH_PATHS = (
					"$(inherited)",
					"@executable_path/Frameworks",
				);
				MARKETING_VERSION = 1.0;
				PRODUCT_BUNDLE_IDENTIFIER = "gsq.SpaceX-Aha";
				PRODUCT_NAME = "$(TARGET_NAME)";
				SUPPORTED_PLATFORMS = "xros xrsimulator";
				SWIFT_EMIT_LOC_STRINGS = YES;
				SWIFT_VERSION = 5.0;
				TARGETED_DEVICE_FAMILY = "1,2,7";
			};
			name = Release;
		};
/* End XCBuildConfiguration section */

/* Begin XCConfigurationList section */
		17072B432B0A0B9B00D4D027 /* Build configuration list for PBXProject "SpaceX-Aha" */ = {
			isa = XCConfigurationList;
			buildConfigurations = (
				17072B5D2B0A0B9C00D4D027 /* Debug */,
				17072B5E2B0A0B9C00D4D027 /* Release */,
			);
			defaultConfigurationIsVisible = 0;
			defaultConfigurationName = Release;
		};
		17072B5F2B0A0B9C00D4D027 /* Build configuration list for PBXNativeTarget "SpaceX-Aha" */ = {
			isa = XCConfigurationList;
			buildConfigurations = (
				17072B602B0A0B9C00D4D027 /* Debug */,
				17072B612B0A0B9C00D4D027 /* Release */,
			);
			defaultConfigurationIsVisible = 0;
			defaultConfigurationName = Release;
		};
/* End XCConfigurationList section */

/* Begin XCSwiftPackageProductDependency section */
		17072B4D2B0A0B9B00D4D027 /* RealityKitContent */ = {
			isa = XCSwiftPackageProductDependency;
			productName = RealityKitContent;
		};
/* End XCSwiftPackageProductDependency section */
	};
	rootObject = 17072B402B0A0B9B00D4D027 /* Project object */;
}
